
Microsoft Visual Studio Solution File, Format Version 12.00
# Visual Studio Version 16
VisualStudioVersion = 16.0.30523.141
MinimumVisualStudioVersion = 10.0.40219.1
Project("{FAE04EC0-301F-11D3-BF4B-00C04F79EFBC}") = "Part1", "Part1\Part1.csproj", "{2B08BE12-5273-4391-80D8-1DCFCBDCEF94}"
EndProject
Global
	GlobalSection(SolutionConfigurationPlatforms) = preSolution
		Debug|Any CPU = Debug|Any CPU
		Release|Any CPU = Release|Any CPU
	EndGlobalSection
	GlobalSection(ProjectConfigurationPlatforms) = postSolution
		{2B08BE12-5273-4391-80D8-1DCFCBDCEF94}.Debug|Any CPU.ActiveCfg = Debug|Any CPU
		{2B08BE12-5273-4391-80D8-1DCFCBDCEF94}.Debug|Any CPU.Build.0 = Debug|Any CPU
		{2B08BE12-5273-4391-80D8-1DCFCBDCEF94}.Release|Any CPU.ActiveCfg = Release|Any CPU
		{2B08BE12-5273-4391-80D8-1DCFCBDCEF94}.Release|Any CPU.Build.0 = Release|Any CPU
	EndGlobalSection
	GlobalSection(SolutionProperties) = preSolution
		HideSolutionNode = FALSE
	EndGlobalSection
	GlobalSection(ExtensibilityGlobals) = postSolution
		SolutionGuid = {FF35DA8A-3673-45C7-BEE6-EEF57ECC0AEE}
	EndGlobalSection
EndGlobal
